// !$*UTF8*$!
{
	archiveVersion = 1;
	classes = {
	};
	objectVersion = 46;
	objects = {

/* Begin PBXBuildFile section */
		3169FE4618D5DC0C00C4BFF1 /* Foundation.framework in Frameworks */ = {isa = PBXBuildFile; fileRef = 3169FE4518D5DC0C00C4BFF1 /* Foundation.framework */; };
		3169FE4818D5DC0C00C4BFF1 /* CoreGraphics.framework in Frameworks */ = {isa = PBXBuildFile; fileRef = 3169FE4718D5DC0C00C4BFF1 /* CoreGraphics.framework */; };
		3169FE4A18D5DC0C00C4BFF1 /* UIKit.framework in Frameworks */ = {isa = PBXBuildFile; fileRef = 3169FE4918D5DC0C00C4BFF1 /* UIKit.framework */; };
		3169FE5018D5DC0C00C4BFF1 /* InfoPlist.strings in Resources */ = {isa = PBXBuildFile; fileRef = 3169FE4E18D5DC0C00C4BFF1 /* InfoPlist.strings */; };
		3169FE5218D5DC0C00C4BFF1 /* main.m in Sources */ = {isa = PBXBuildFile; fileRef = 3169FE5118D5DC0C00C4BFF1 /* main.m */; };
		3169FE5618D5DC0C00C4BFF1 /* AppDelegate.m in Sources */ = {isa = PBXBuildFile; fileRef = 3169FE5518D5DC0C00C4BFF1 /* AppDelegate.m */; };
		3169FE5918D5DC0C00C4BFF1 /* Main.storyboard in Resources */ = {isa = PBXBuildFile; fileRef = 3169FE5718D5DC0C00C4BFF1 /* Main.storyboard */; };
		3169FE5C18D5DC0C00C4BFF1 /* ViewController.m in Sources */ = {isa = PBXBuildFile; fileRef = 3169FE5B18D5DC0C00C4BFF1 /* ViewController.m */; };
		3169FE5E18D5DC0C00C4BFF1 /* Images.xcassets in Resources */ = {isa = PBXBuildFile; fileRef = 3169FE5D18D5DC0C00C4BFF1 /* Images.xcassets */; };
		3169FE6518D5DC0C00C4BFF1 /* XCTest.framework in Frameworks */ = {isa = PBXBuildFile; fileRef = 3169FE6418D5DC0C00C4BFF1 /* XCTest.framework */; };
		3169FE6618D5DC0C00C4BFF1 /* Foundation.framework in Frameworks */ = {isa = PBXBuildFile; fileRef = 3169FE4518D5DC0C00C4BFF1 /* Foundation.framework */; };
		3169FE6718D5DC0C00C4BFF1 /* UIKit.framework in Frameworks */ = {isa = PBXBuildFile; fileRef = 3169FE4918D5DC0C00C4BFF1 /* UIKit.framework */; };
		3169FE6F18D5DC0C00C4BFF1 /* InfoPlist.strings in Resources */ = {isa = PBXBuildFile; fileRef = 3169FE6D18D5DC0C00C4BFF1 /* InfoPlist.strings */; };
		3169FE7118D5DC0C00C4BFF1 /* DragSampleTests.m in Sources */ = {isa = PBXBuildFile; fileRef = 3169FE7018D5DC0C00C4BFF1 /* DragSampleTests.m */; };
/* End PBXBuildFile section */

/* Begin PBXContainerItemProxy section */
		3169FE6818D5DC0C00C4BFF1 /* PBXContainerItemProxy */ = {
			isa = PBXContainerItemProxy;
			containerPortal = 3169FE3A18D5DC0C00C4BFF1 /* Project object */;
			proxyType = 1;
			remoteGlobalIDString = 3169FE4118D5DC0C00C4BFF1;
			remoteInfo = DragSample;
		};
/* End PBXContainerItemProxy section */

/* Begin PBXFileReference section */
		3169FE4218D5DC0C00C4BFF1 /* DragSample.app */ = {isa = PBXFileReference; explicitFileType = wrapper.application; includeInIndex = 0; path = DragSample.app; sourceTree = BUILT_PRODUCTS_DIR; };
		3169FE4518D5DC0C00C4BFF1 /* Foundation.framework */ = {isa = PBXFileReference; lastKnownFileType = wrapper.framework; name = Foundation.framework; path = System/Library/Frameworks/Foundation.framework; sourceTree = SDKROOT; };
		3169FE4718D5DC0C00C4BFF1 /* CoreGraphics.framework */ = {isa = PBXFileReference; lastKnownFileType = wrapper.framework; name = CoreGraphics.framework; path = System/Library/Frameworks/CoreGraphics.framework; sourceTree = SDKROOT; };
		3169FE4918D5DC0C00C4BFF1 /* UIKit.framework */ = {isa = PBXFileReference; lastKnownFileType = wrapper.framework; name = UIKit.framework; path = System/Library/Frameworks/UIKit.framework; sourceTree = SDKROOT; };
		3169FE4D18D5DC0C00C4BFF1 /* DragSample-Info.plist */ = {isa = PBXFileReference; lastKnownFileType = text.plist.xml; path = "DragSample-Info.plist"; sourceTree = "<group>"; };
		3169FE4F18D5DC0C00C4BFF1 /* en */ = {isa = PBXFileReference; lastKnownFileType = text.plist.strings; name = en; path = en.lproj/InfoPlist.strings; sourceTree = "<group>"; };
		3169FE5118D5DC0C00C4BFF1 /* main.m */ = {isa = PBXFileReference; lastKnownFileType = sourcecode.c.objc; path = main.m; sourceTree = "<group>"; };
		3169FE5318D5DC0C00C4BFF1 /* DragSample-Prefix.pch */ = {isa = PBXFileReference; lastKnownFileType = sourcecode.c.h; path = "DragSample-Prefix.pch"; sourceTree = "<group>"; };
		3169FE5418D5DC0C00C4BFF1 /* AppDelegate.h */ = {isa = PBXFileReference; lastKnownFileType = sourcecode.c.h; path = AppDelegate.h; sourceTree = "<group>"; };
		3169FE5518D5DC0C00C4BFF1 /* AppDelegate.m */ = {isa = PBXFileReference; lastKnownFileType = sourcecode.c.objc; path = AppDelegate.m; sourceTree = "<group>"; };
		3169FE5818D5DC0C00C4BFF1 /* Base */ = {isa = PBXFileReference; lastKnownFileType = file.storyboard; name = Base; path = Base.lproj/Main.storyboard; sourceTree = "<group>"; };
		3169FE5A18D5DC0C00C4BFF1 /* ViewController.h */ = {isa = PBXFileReference; lastKnownFileType = sourcecode.c.h; path = ViewController.h; sourceTree = "<group>"; };
		3169FE5B18D5DC0C00C4BFF1 /* ViewController.m */ = {isa = PBXFileReference; lastKnownFileType = sourcecode.c.objc; path = ViewController.m; sourceTree = "<group>"; };
		3169FE5D18D5DC0C00C4BFF1 /* Images.xcassets */ = {isa = PBXFileReference; lastKnownFileType = folder.assetcatalog; path = Images.xcassets; sourceTree = "<group>"; };
		3169FE6318D5DC0C00C4BFF1 /* DragSampleTests.xctest */ = {isa = PBXFileReference; explicitFileType = wrapper.cfbundle; includeInIndex = 0; path = DragSampleTests.xctest; sourceTree = BUILT_PRODUCTS_DIR; };
		3169FE6418D5DC0C00C4BFF1 /* XCTest.framework */ = {isa = PBXFileReference; lastKnownFileType = wrapper.framework; name = XCTest.framework; path = Library/Frameworks/XCTest.framework; sourceTree = DEVELOPER_DIR; };
		3169FE6C18D5DC0C00C4BFF1 /* DragSampleTests-Info.plist */ = {isa = PBXFileReference; lastKnownFileType = text.plist.xml; path = "DragSampleTests-Info.plist"; sourceTree = "<group>"; };
		3169FE6E18D5DC0C00C4BFF1 /* en */ = {isa = PBXFileReference; lastKnownFileType = text.plist.strings; name = en; path = en.lproj/InfoPlist.strings; sourceTree = "<group>"; };
		3169FE7018D5DC0C00C4BFF1 /* DragSampleTests.m */ = {isa = PBXFileReference; lastKnownFileType = sourcecode.c.objc; path = DragSampleTests.m; sourceTree = "<group>"; };
/* End PBXFileReference section */

/* Begin PBXFrameworksBuildPhase section */
		3169FE3F18D5DC0C00C4BFF1 /* Frameworks */ = {
			isa = PBXFrameworksBuildPhase;
			buildActionMask = 2147483647;
			files = (
				3169FE4818D5DC0C00C4BFF1 /* CoreGraphics.framework in Frameworks */,
				3169FE4A18D5DC0C00C4BFF1 /* UIKit.framework in Frameworks */,
				3169FE4618D5DC0C00C4BFF1 /* Foundation.framework in Frameworks */,
			);
			runOnlyForDeploymentPostprocessing = 0;
		};
		3169FE6018D5DC0C00C4BFF1 /* Frameworks */ = {
			isa = PBXFrameworksBuildPhase;
			buildActionMask = 2147483647;
			files = (
				3169FE6518D5DC0C00C4BFF1 /* XCTest.framework in Frameworks */,
				3169FE6718D5DC0C00C4BFF1 /* UIKit.framework in Frameworks */,
				3169FE6618D5DC0C00C4BFF1 /* Foundation.framework in Frameworks */,
			);
			runOnlyForDeploymentPostprocessing = 0;
		};
/* End PBXFrameworksBuildPhase section */

/* Begin PBXGroup section */
		3169FE3918D5DC0C00C4BFF1 = {
			isa = PBXGroup;
			children = (
				3169FE4B18D5DC0C00C4BFF1 /* DragSample */,
				3169FE6A18D5DC0C00C4BFF1 /* DragSampleTests */,
				3169FE4418D5DC0C00C4BFF1 /* Frameworks */,
				3169FE4318D5DC0C00C4BFF1 /* Products */,
			);
			sourceTree = "<group>";
		};
		3169FE4318D5DC0C00C4BFF1 /* Products */ = {
			isa = PBXGroup;
			children = (
				3169FE4218D5DC0C00C4BFF1 /* DragSample.app */,
				3169FE6318D5DC0C00C4BFF1 /* DragSampleTests.xctest */,
			);
			name = Products;
			sourceTree = "<group>";
		};
		3169FE4418D5DC0C00C4BFF1 /* Frameworks */ = {
			isa = PBXGroup;
			children = (
				3169FE4518D5DC0C00C4BFF1 /* Foundation.framework */,
				3169FE4718D5DC0C00C4BFF1 /* CoreGraphics.framework */,
				3169FE4918D5DC0C00C4BFF1 /* UIKit.framework */,
				3169FE6418D5DC0C00C4BFF1 /* XCTest.framework */,
			);
			name = Frameworks;
			sourceTree = "<group>";
		};
		3169FE4B18D5DC0C00C4BFF1 /* DragSample */ = {
			isa = PBXGroup;
			children = (
				3169FE5418D5DC0C00C4BFF1 /* AppDelegate.h */,
				3169FE5518D5DC0C00C4BFF1 /* AppDelegate.m */,
				3169FE5718D5DC0C00C4BFF1 /* Main.storyboard */,
				3169FE5A18D5DC0C00C4BFF1 /* ViewController.h */,
				3169FE5B18D5DC0C00C4BFF1 /* ViewController.m */,
				3169FE5D18D5DC0C00C4BFF1 /* Images.xcassets */,
				3169FE4C18D5DC0C00C4BFF1 /* Supporting Files */,
			);
			path = DragSample;
			sourceTree = "<group>";
		};
		3169FE4C18D5DC0C00C4BFF1 /* Supporting Files */ = {
			isa = PBXGroup;
			children = (
				3169FE4D18D5DC0C00C4BFF1 /* DragSample-Info.plist */,
				3169FE4E18D5DC0C00C4BFF1 /* InfoPlist.strings */,
				3169FE5118D5DC0C00C4BFF1 /* main.m */,
				3169FE5318D5DC0C00C4BFF1 /* DragSample-Prefix.pch */,
			);
			name = "Supporting Files";
			sourceTree = "<group>";
		};
		3169FE6A18D5DC0C00C4BFF1 /* DragSampleTests */ = {
			isa = PBXGroup;
			children = (
				3169FE7018D5DC0C00C4BFF1 /* DragSampleTests.m */,
				3169FE6B18D5DC0C00C4BFF1 /* Supporting Files */,
			);
			path = DragSampleTests;
			sourceTree = "<group>";
		};
		3169FE6B18D5DC0C00C4BFF1 /* Supporting Files */ = {
			isa = PBXGroup;
			children = (
				3169FE6C18D5DC0C00C4BFF1 /* DragSampleTests-Info.plist */,
				3169FE6D18D5DC0C00C4BFF1 /* InfoPlist.strings */,
			);
			name = "Supporting Files";
			sourceTree = "<group>";
		};
/* End PBXGroup section */

/* Begin PBXNativeTarget section */
		3169FE4118D5DC0C00C4BFF1 /* DragSample */ = {
			isa = PBXNativeTarget;
			buildConfigurationList = 3169FE7418D5DC0C00C4BFF1 /* Build configuration list for PBXNativeTarget "DragSample" */;
			buildPhases = (
				3169FE3E18D5DC0C00C4BFF1 /* Sources */,
				3169FE3F18D5DC0C00C4BFF1 /* Frameworks */,
				3169FE4018D5DC0C00C4BFF1 /* Resources */,
			);
			buildRules = (
			);
			dependencies = (
			);
			name = DragSample;
			productName = DragSample;
			productReference = 3169FE4218D5DC0C00C4BFF1 /* DragSample.app */;
			productType = "com.apple.product-type.application";
		};
		3169FE6218D5DC0C00C4BFF1 /* DragSampleTests */ = {
			isa = PBXNativeTarget;
			buildConfigurationList = 3169FE7718D5DC0C00C4BFF1 /* Build configuration list for PBXNativeTarget "DragSampleTests" */;
			buildPhases = (
				3169FE5F18D5DC0C00C4BFF1 /* Sources */,
				3169FE6018D5DC0C00C4BFF1 /* Frameworks */,
				3169FE6118D5DC0C00C4BFF1 /* Resources */,
			);
			buildRules = (
			);
			dependencies = (
				3169FE6918D5DC0C00C4BFF1 /* PBXTargetDependency */,
			);
			name = DragSampleTests;
			productName = DragSampleTests;
			productReference = 3169FE6318D5DC0C00C4BFF1 /* DragSampleTests.xctest */;
			productType = "com.apple.product-type.bundle.unit-test";
		};
/* End PBXNativeTarget section */

/* Begin PBXProject section */
		3169FE3A18D5DC0C00C4BFF1 /* Project object */ = {
			isa = PBXProject;
			attributes = {
				LastUpgradeCheck = 0510;
				ORGANIZATIONNAME = yasuyuki;
				TargetAttributes = {
					3169FE6218D5DC0C00C4BFF1 = {
						TestTargetID = 3169FE4118D5DC0C00C4BFF1;
					};
				};
			};
			buildConfigurationList = 3169FE3D18D5DC0C00C4BFF1 /* Build configuration list for PBXProject "DragSample" */;
			compatibilityVersion = "Xcode 3.2";
			developmentRegion = English;
			hasScannedForEncodings = 0;
			knownRegions = (
				en,
				Base,
			);
			mainGroup = 3169FE3918D5DC0C00C4BFF1;
			productRefGroup = 3169FE4318D5DC0C00C4BFF1 /* Products */;
			projectDirPath = "";
			projectRoot = "";
			targets = (
				3169FE4118D5DC0C00C4BFF1 /* DragSample */,
				3169FE6218D5DC0C00C4BFF1 /* DragSampleTests */,
			);
		};
/* End PBXProject section */

/* Begin PBXResourcesBuildPhase section */
		3169FE4018D5DC0C00C4BFF1 /* Resources */ = {
			isa = PBXResourcesBuildPhase;
			buildActionMask = 2147483647;
			files = (
				3169FE5E18D5DC0C00C4BFF1 /* Images.xcassets in Resources */,
				3169FE5018D5DC0C00C4BFF1 /* InfoPlist.strings in Resources */,
				3169FE5918D5DC0C00C4BFF1 /* Main.storyboard in Resources */,
			);
			runOnlyForDeploymentPostprocessing = 0;
		};
		3169FE6118D5DC0C00C4BFF1 /* Resources */ = {
			isa = PBXResourcesBuildPhase;
			buildActionMask = 2147483647;
			files = (
				3169FE6F18D5DC0C00C4BFF1 /* InfoPlist.strings in Resources */,
			);
			runOnlyForDeploymentPostprocessing = 0;
		};
/* End PBXResourcesBuildPhase section */

/* Begin PBXSourcesBuildPhase section */
		3169FE3E18D5DC0C00C4BFF1 /* Sources */ = {
			isa = PBXSourcesBuildPhase;
			buildActionMask = 2147483647;
			files = (
				3169FE5C18D5DC0C00C4BFF1 /* ViewController.m in Sources */,
				3169FE5618D5DC0C00C4BFF1 /* AppDelegate.m in Sources */,
				3169FE5218D5DC0C00C4BFF1 /* main.m in Sources */,
			);
			runOnlyForDeploymentPostprocessing = 0;
		};
		3169FE5F18D5DC0C00C4BFF1 /* Sources */ = {
			isa = PBXSourcesBuildPhase;
			buildActionMask = 2147483647;
			files = (
				3169FE7118D5DC0C00C4BFF1 /* DragSampleTests.m in Sources */,
			);
			runOnlyForDeploymentPostprocessing = 0;
		};
/* End PBXSourcesBuildPhase section */

/* Begin PBXTargetDependency section */
		3169FE6918D5DC0C00C4BFF1 /* PBXTargetDependency */ = {
			isa = PBXTargetDependency;
			target = 3169FE4118D5DC0C00C4BFF1 /* DragSample */;
			targetProxy = 3169FE6818D5DC0C00C4BFF1 /* PBXContainerItemProxy */;
		};
/* End PBXTargetDependency section */

/* Begin PBXVariantGroup section */
		3169FE4E18D5DC0C00C4BFF1 /* InfoPlist.strings */ = {
			isa = PBXVariantGroup;
			children = (
				3169FE4F18D5DC0C00C4BFF1 /* en */,
			);
			name = InfoPlist.strings;
			sourceTree = "<group>";
		};
		3169FE5718D5DC0C00C4BFF1 /* Main.storyboard */ = {
			isa = PBXVariantGroup;
			children = (
				3169FE5818D5DC0C00C4BFF1 /* Base */,
			);
			name = Main.storyboard;
			sourceTree = "<group>";
		};
		3169FE6D18D5DC0C00C4BFF1 /* InfoPlist.strings */ = {
			isa = PBXVariantGroup;
			children = (
				3169FE6E18D5DC0C00C4BFF1 /* en */,
			);
			name = InfoPlist.strings;
			sourceTree = "<group>";
		};
/* End PBXVariantGroup section */

/* Begin XCBuildConfiguration section */
		3169FE7218D5DC0C00C4BFF1 /* Debug */ = {
			isa = XCBuildConfiguration;
			buildSettings = {
				ALWAYS_SEARCH_USER_PATHS = NO;
				CLANG_CXX_LANGUAGE_STANDARD = "gnu++0x";
				CLANG_CXX_LIBRARY = "libc++";
				CLANG_ENABLE_MODULES = YES;
				CLANG_ENABLE_OBJC_ARC = YES;
				CLANG_WARN_BOOL_CONVERSION = YES;
				CLANG_WARN_CONSTANT_CONVERSION = YES;
				CLANG_WARN_DIRECT_OBJC_ISA_USAGE = YES_ERROR;
				CLANG_WARN_EMPTY_BODY = YES;
				CLANG_WARN_ENUM_CONVERSION = YES;
				CLANG_WARN_INT_CONVERSION = YES;
				CLANG_WARN_OBJC_ROOT_CLASS = YES_ERROR;
				CLANG_WARN__DUPLICATE_METHOD_MATCH = YES;
				"CODE_SIGN_IDENTITY[sdk=iphoneos*]" = "iPhone Developer";
				COPY_PHASE_STRIP = NO;
				GCC_C_LANGUAGE_STANDARD = gnu99;
				GCC_DYNAMIC_NO_PIC = NO;
				GCC_OPTIMIZATION_LEVEL = 0;
				GCC_PREPROCESSOR_DEFINITIONS = (
					"DEBUG=1",
					"$(inherited)",
				);
				GCC_SYMBOLS_PRIVATE_EXTERN = NO;
				GCC_WARN_64_TO_32_BIT_CONVERSION = YES;
				GCC_WARN_ABOUT_RETURN_TYPE = YES_ERROR;
				GCC_WARN_UNDECLARED_SELECTOR = YES;
				GCC_WARN_UNINITIALIZED_AUTOS = YES_AGGRESSIVE;
				GCC_WARN_UNUSED_FUNCTION = YES;
				GCC_WARN_UNUSED_VARIABLE = YES;
				IPHONEOS_DEPLOYMENT_TARGET = 7.1;
				ONLY_ACTIVE_ARCH = YES;
				SDKROOT = iphoneos;
			};
			name = Debug;
		};
		3169FE7318D5DC0C00C4BFF1 /* Release */ = {
			isa = XCBuildConfiguration;
			buildSettings = {
				ALWAYS_SEARCH_USER_PATHS = NO;
				CLANG_CXX_LANGUAGE_STANDARD = "gnu++0x";
				CLANG_CXX_LIBRARY = "libc++";
				CLANG_ENABLE_MODULES = YES;
				CLANG_ENABLE_OBJC_ARC = YES;
				CLANG_WARN_BOOL_CONVERSION = YES;
				CLANG_WARN_CONSTANT_CONVERSION = YES;
				CLANG_WARN_DIRECT_OBJC_ISA_USAGE = YES_ERROR;
				CLANG_WARN_EMPTY_BODY = YES;
				CLANG_WARN_ENUM_CONVERSION = YES;
				CLANG_WARN_INT_CONVERSION = YES;
				CLANG_WARN_OBJC_ROOT_CLASS = YES_ERROR;
				CLANG_WARN__DUPLICATE_METHOD_MATCH = YES;
				"CODE_SIGN_IDENTITY[sdk=iphoneos*]" = "iPhone Developer";
				COPY_PHASE_STRIP = YES;
				ENABLE_NS_ASSERTIONS = NO;
				GCC_C_LANGUAGE_STANDARD = gnu99;
				GCC_WARN_64_TO_32_BIT_CONVERSION = YES;
				GCC_WARN_ABOUT_RETURN_TYPE = YES_ERROR;
				GCC_WARN_UNDECLARED_SELECTOR = YES;
				GCC_WARN_UNINITIALIZED_AUTOS = YES_AGGRESSIVE;
				GCC_WARN_UNUSED_FUNCTION = YES;
				GCC_WARN_UNUSED_VARIABLE = YES;
				IPHONEOS_DEPLOYMENT_TARGET = 7.1;
				SDKROOT = iphoneos;
				VALIDATE_PRODUCT = YES;
			};
			name = Release;
		};
		3169FE7518D5DC0C00C4BFF1 /* Debug */ = {
			isa = XCBuildConfiguration;
			buildSettings = {
				ASSETCATALOG_COMPILER_APPICON_NAME = AppIcon;
				ASSETCATALOG_COMPILER_LAUNCHIMAGE_NAME = LaunchImage;
				GCC_PRECOMPILE_PREFIX_HEADER = YES;
				GCC_PREFIX_HEADER = "DragSample/DragSample-Prefix.pch";
				INFOPLIST_FILE = "DragSample/DragSample-Info.plist";
				PRODUCT_NAME = "$(TARGET_NAME)";
				WRAPPER_EXTENSION = app;
			};
			name = Debug;
		};
		3169FE7618D5DC0C00C4BFF1 /* Release */ = {
			isa = XCBuildConfiguration;
			buildSettings = {
				ASSETCATALOG_COMPILER_APPICON_NAME = AppIcon;
				ASSETCATALOG_COMPILER_LAUNCHIMAGE_NAME = LaunchImage;
				GCC_PRECOMPILE_PREFIX_HEADER = YES;
				GCC_PREFIX_HEADER = "DragSample/DragSample-Prefix.pch";
				INFOPLIST_FILE = "DragSample/DragSample-Info.plist";
				PRODUCT_NAME = "$(TARGET_NAME)";
				WRAPPER_EXTENSION = app;
			};
			name = Release;
		};
		3169FE7818D5DC0C00C4BFF1 /* Debug */ = {
			isa = XCBuildConfiguration;
			buildSettings = {
				BUNDLE_LOADER = "$(BUILT_PRODUCTS_DIR)/DragSample.app/DragSample";
				FRAMEWORK_SEARCH_PATHS = (
					"$(SDKROOT)/Developer/Library/Frameworks",
					"$(inherited)",
					"$(DEVELOPER_FRAMEWORKS_DIR)",
				);
				GCC_PRECOMPILE_PREFIX_HEADER = YES;
				GCC_PREFIX_HEADER = "DragSample/DragSample-Prefix.pch";
				GCC_PREPROCESSOR_DEFINITIONS = (
					"DEBUG=1",
					"$(inherited)",
				);
				INFOPLIST_FILE = "DragSampleTests/DragSampleTests-Info.plist";
				PRODUCT_NAME = "$(TARGET_NAME)";
				TEST_HOST = "$(BUNDLE_LOADER)";
				WRAPPER_EXTENSION = xctest;
			};
			name = Debug;
		};
		3169FE7918D5DC0C00C4BFF1 /* Release */ = {
			isa = XCBuildConfiguration;
			buildSettings = {
				BUNDLE_LOADER = "$(BUILT_PRODUCTS_DIR)/DragSample.app/DragSample";
				FRAMEWORK_SEARCH_PATHS = (
					"$(SDKROOT)/Developer/Library/Frameworks",
					"$(inherited)",
					"$(DEVELOPER_FRAMEWORKS_DIR)",
				);
				GCC_PRECOMPILE_PREFIX_HEADER = YES;
				GCC_PREFIX_HEADER = "DragSample/DragSample-Prefix.pch";
				INFOPLIST_FILE = "DragSampleTests/DragSampleTests-Info.plist";
				PRODUCT_NAME = "$(TARGET_NAME)";
				TEST_HOST = "$(BUNDLE_LOADER)";
				WRAPPER_EXTENSION = xctest;
			};
			name = Release;
		};
/* End XCBuildConfiguration section */

/* Begin XCConfigurationList section */
		3169FE3D18D5DC0C00C4BFF1 /* Build configuration list for PBXProject "DragSample" */ = {
			isa = XCConfigurationList;
			buildConfigurations = (
				3169FE7218D5DC0C00C4BFF1 /* Debug */,
				3169FE7318D5DC0C00C4BFF1 /* Release */,
			);
			defaultConfigurationIsVisible = 0;
			defaultConfigurationName = Release;
		};
		3169FE7418D5DC0C00C4BFF1 /* Build configuration list for PBXNativeTarget "DragSample" */ = {
			isa = XCConfigurationList;
			buildConfigurations = (
				3169FE7518D5DC0C00C4BFF1 /* Debug */,
				3169FE7618D5DC0C00C4BFF1 /* Release */,
			);
			defaultConfigurationIsVisible = 0;
		};
		3169FE7718D5DC0C00C4BFF1 /* Build configuration list for PBXNativeTarget "DragSampleTests" */ = {
			isa = XCConfigurationList;
			buildConfigurations = (
				3169FE7818D5DC0C00C4BFF1 /* Debug */,
				3169FE7918D5DC0C00C4BFF1 /* Release */,
			);
			defaultConfigurationIsVisible = 0;
		};
/* End XCConfigurationList section */
	};
	rootObject = 3169FE3A18D5DC0C00C4BFF1 /* Project object */;
}
