// !$*UTF8*$!
{
	archiveVersion = 1;
	classes = {
	};
	objectVersion = 46;
	objects = {

/* Begin PBXBuildFile section */
		310B77ED18F596D000A20B5A /* Foundation.framework in Frameworks */ = {isa = PBXBuildFile; fileRef = 310B77EC18F596D000A20B5A /* Foundation.framework */; };
		310B77EF18F596D000A20B5A /* CoreGraphics.framework in Frameworks */ = {isa = PBXBuildFile; fileRef = 310B77EE18F596D000A20B5A /* CoreGraphics.framework */; };
		310B77F118F596D000A20B5A /* UIKit.framework in Frameworks */ = {isa = PBXBuildFile; fileRef = 310B77F018F596D000A20B5A /* UIKit.framework */; };
		310B77F718F596D000A20B5A /* InfoPlist.strings in Resources */ = {isa = PBXBuildFile; fileRef = 310B77F518F596D000A20B5A /* InfoPlist.strings */; };
		310B77F918F596D000A20B5A /* main.m in Sources */ = {isa = PBXBuildFile; fileRef = 310B77F818F596D000A20B5A /* main.m */; };
		310B77FD18F596D000A20B5A /* AppDelegate.m in Sources */ = {isa = PBXBuildFile; fileRef = 310B77FC18F596D000A20B5A /* AppDelegate.m */; };
		310B780018F596D000A20B5A /* Main.storyboard in Resources */ = {isa = PBXBuildFile; fileRef = 310B77FE18F596D000A20B5A /* Main.storyboard */; };
		310B780318F596D000A20B5A /* MasterViewController.m in Sources */ = {isa = PBXBuildFile; fileRef = 310B780218F596D000A20B5A /* MasterViewController.m */; };
		310B780618F596D000A20B5A /* DetailViewController.m in Sources */ = {isa = PBXBuildFile; fileRef = 310B780518F596D000A20B5A /* DetailViewController.m */; };
		310B780818F596D000A20B5A /* Images.xcassets in Resources */ = {isa = PBXBuildFile; fileRef = 310B780718F596D000A20B5A /* Images.xcassets */; };
		310B780F18F596D000A20B5A /* XCTest.framework in Frameworks */ = {isa = PBXBuildFile; fileRef = 310B780E18F596D000A20B5A /* XCTest.framework */; };
		310B781018F596D000A20B5A /* Foundation.framework in Frameworks */ = {isa = PBXBuildFile; fileRef = 310B77EC18F596D000A20B5A /* Foundation.framework */; };
		310B781118F596D000A20B5A /* UIKit.framework in Frameworks */ = {isa = PBXBuildFile; fileRef = 310B77F018F596D000A20B5A /* UIKit.framework */; };
		310B781918F596D000A20B5A /* InfoPlist.strings in Resources */ = {isa = PBXBuildFile; fileRef = 310B781718F596D000A20B5A /* InfoPlist.strings */; };
		310B781B18F596D000A20B5A /* MasterDetailSampleTests.m in Sources */ = {isa = PBXBuildFile; fileRef = 310B781A18F596D000A20B5A /* MasterDetailSampleTests.m */; };
/* End PBXBuildFile section */

/* Begin PBXContainerItemProxy section */
		310B781218F596D000A20B5A /* PBXContainerItemProxy */ = {
			isa = PBXContainerItemProxy;
			containerPortal = 310B77E118F596D000A20B5A /* Project object */;
			proxyType = 1;
			remoteGlobalIDString = 310B77E818F596D000A20B5A;
			remoteInfo = MasterDetailSample;
		};
/* End PBXContainerItemProxy section */

/* Begin PBXFileReference section */
		310B77E918F596D000A20B5A /* MasterDetailSample.app */ = {isa = PBXFileReference; explicitFileType = wrapper.application; includeInIndex = 0; path = MasterDetailSample.app; sourceTree = BUILT_PRODUCTS_DIR; };
		310B77EC18F596D000A20B5A /* Foundation.framework */ = {isa = PBXFileReference; lastKnownFileType = wrapper.framework; name = Foundation.framework; path = System/Library/Frameworks/Foundation.framework; sourceTree = SDKROOT; };
		310B77EE18F596D000A20B5A /* CoreGraphics.framework */ = {isa = PBXFileReference; lastKnownFileType = wrapper.framework; name = CoreGraphics.framework; path = System/Library/Frameworks/CoreGraphics.framework; sourceTree = SDKROOT; };
		310B77F018F596D000A20B5A /* UIKit.framework */ = {isa = PBXFileReference; lastKnownFileType = wrapper.framework; name = UIKit.framework; path = System/Library/Frameworks/UIKit.framework; sourceTree = SDKROOT; };
		310B77F418F596D000A20B5A /* MasterDetailSample-Info.plist */ = {isa = PBXFileReference; lastKnownFileType = text.plist.xml; path = "MasterDetailSample-Info.plist"; sourceTree = "<group>"; };
		310B77F618F596D000A20B5A /* en */ = {isa = PBXFileReference; lastKnownFileType = text.plist.strings; name = en; path = en.lproj/InfoPlist.strings; sourceTree = "<group>"; };
		310B77F818F596D000A20B5A /* main.m */ = {isa = PBXFileReference; lastKnownFileType = sourcecode.c.objc; path = main.m; sourceTree = "<group>"; };
		310B77FA18F596D000A20B5A /* MasterDetailSample-Prefix.pch */ = {isa = PBXFileReference; lastKnownFileType = sourcecode.c.h; path = "MasterDetailSample-Prefix.pch"; sourceTree = "<group>"; };
		310B77FB18F596D000A20B5A /* AppDelegate.h */ = {isa = PBXFileReference; lastKnownFileType = sourcecode.c.h; path = AppDelegate.h; sourceTree = "<group>"; };
		310B77FC18F596D000A20B5A /* AppDelegate.m */ = {isa = PBXFileReference; lastKnownFileType = sourcecode.c.objc; path = AppDelegate.m; sourceTree = "<group>"; };
		310B77FF18F596D000A20B5A /* Base */ = {isa = PBXFileReference; lastKnownFileType = file.storyboard; name = Base; path = Base.lproj/Main.storyboard; sourceTree = "<group>"; };
		310B780118F596D000A20B5A /* MasterViewController.h */ = {isa = PBXFileReference; lastKnownFileType = sourcecode.c.h; path = MasterViewController.h; sourceTree = "<group>"; };
		310B780218F596D000A20B5A /* MasterViewController.m */ = {isa = PBXFileReference; lastKnownFileType = sourcecode.c.objc; path = MasterViewController.m; sourceTree = "<group>"; };
		310B780418F596D000A20B5A /* DetailViewController.h */ = {isa = PBXFileReference; lastKnownFileType = sourcecode.c.h; path = DetailViewController.h; sourceTree = "<group>"; };
		310B780518F596D000A20B5A /* DetailViewController.m */ = {isa = PBXFileReference; lastKnownFileType = sourcecode.c.objc; path = DetailViewController.m; sourceTree = "<group>"; };
		310B780718F596D000A20B5A /* Images.xcassets */ = {isa = PBXFileReference; lastKnownFileType = folder.assetcatalog; path = Images.xcassets; sourceTree = "<group>"; };
		310B780D18F596D000A20B5A /* MasterDetailSampleTests.xctest */ = {isa = PBXFileReference; explicitFileType = wrapper.cfbundle; includeInIndex = 0; path = MasterDetailSampleTests.xctest; sourceTree = BUILT_PRODUCTS_DIR; };
		310B780E18F596D000A20B5A /* XCTest.framework */ = {isa = PBXFileReference; lastKnownFileType = wrapper.framework; name = XCTest.framework; path = Library/Frameworks/XCTest.framework; sourceTree = DEVELOPER_DIR; };
		310B781618F596D000A20B5A /* MasterDetailSampleTests-Info.plist */ = {isa = PBXFileReference; lastKnownFileType = text.plist.xml; path = "MasterDetailSampleTests-Info.plist"; sourceTree = "<group>"; };
		310B781818F596D000A20B5A /* en */ = {isa = PBXFileReference; lastKnownFileType = text.plist.strings; name = en; path = en.lproj/InfoPlist.strings; sourceTree = "<group>"; };
		310B781A18F596D000A20B5A /* MasterDetailSampleTests.m */ = {isa = PBXFileReference; lastKnownFileType = sourcecode.c.objc; path = MasterDetailSampleTests.m; sourceTree = "<group>"; };
/* End PBXFileReference section */

/* Begin PBXFrameworksBuildPhase section */
		310B77E618F596D000A20B5A /* Frameworks */ = {
			isa = PBXFrameworksBuildPhase;
			buildActionMask = 2147483647;
			files = (
				310B77EF18F596D000A20B5A /* CoreGraphics.framework in Frameworks */,
				310B77F118F596D000A20B5A /* UIKit.framework in Frameworks */,
				310B77ED18F596D000A20B5A /* Foundation.framework in Frameworks */,
			);
			runOnlyForDeploymentPostprocessing = 0;
		};
		310B780A18F596D000A20B5A /* Frameworks */ = {
			isa = PBXFrameworksBuildPhase;
			buildActionMask = 2147483647;
			files = (
				310B780F18F596D000A20B5A /* XCTest.framework in Frameworks */,
				310B781118F596D000A20B5A /* UIKit.framework in Frameworks */,
				310B781018F596D000A20B5A /* Foundation.framework in Frameworks */,
			);
			runOnlyForDeploymentPostprocessing = 0;
		};
/* End PBXFrameworksBuildPhase section */

/* Begin PBXGroup section */
		310B77E018F596D000A20B5A = {
			isa = PBXGroup;
			children = (
				310B77F218F596D000A20B5A /* MasterDetailSample */,
				310B781418F596D000A20B5A /* MasterDetailSampleTests */,
				310B77EB18F596D000A20B5A /* Frameworks */,
				310B77EA18F596D000A20B5A /* Products */,
			);
			sourceTree = "<group>";
		};
		310B77EA18F596D000A20B5A /* Products */ = {
			isa = PBXGroup;
			children = (
				310B77E918F596D000A20B5A /* MasterDetailSample.app */,
				310B780D18F596D000A20B5A /* MasterDetailSampleTests.xctest */,
			);
			name = Products;
			sourceTree = "<group>";
		};
		310B77EB18F596D000A20B5A /* Frameworks */ = {
			isa = PBXGroup;
			children = (
				310B77EC18F596D000A20B5A /* Foundation.framework */,
				310B77EE18F596D000A20B5A /* CoreGraphics.framework */,
				310B77F018F596D000A20B5A /* UIKit.framework */,
				310B780E18F596D000A20B5A /* XCTest.framework */,
			);
			name = Frameworks;
			sourceTree = "<group>";
		};
		310B77F218F596D000A20B5A /* MasterDetailSample */ = {
			isa = PBXGroup;
			children = (
				310B77FB18F596D000A20B5A /* AppDelegate.h */,
				310B77FC18F596D000A20B5A /* AppDelegate.m */,
				310B77FE18F596D000A20B5A /* Main.storyboard */,
				310B780118F596D000A20B5A /* MasterViewController.h */,
				310B780218F596D000A20B5A /* MasterViewController.m */,
				310B780418F596D000A20B5A /* DetailViewController.h */,
				310B780518F596D000A20B5A /* DetailViewController.m */,
				310B780718F596D000A20B5A /* Images.xcassets */,
				310B77F318F596D000A20B5A /* Supporting Files */,
			);
			path = MasterDetailSample;
			sourceTree = "<group>";
		};
		310B77F318F596D000A20B5A /* Supporting Files */ = {
			isa = PBXGroup;
			children = (
				310B77F418F596D000A20B5A /* MasterDetailSample-Info.plist */,
				310B77F518F596D000A20B5A /* InfoPlist.strings */,
				310B77F818F596D000A20B5A /* main.m */,
				310B77FA18F596D000A20B5A /* MasterDetailSample-Prefix.pch */,
			);
			name = "Supporting Files";
			sourceTree = "<group>";
		};
		310B781418F596D000A20B5A /* MasterDetailSampleTests */ = {
			isa = PBXGroup;
			children = (
				310B781A18F596D000A20B5A /* MasterDetailSampleTests.m */,
				310B781518F596D000A20B5A /* Supporting Files */,
			);
			path = MasterDetailSampleTests;
			sourceTree = "<group>";
		};
		310B781518F596D000A20B5A /* Supporting Files */ = {
			isa = PBXGroup;
			children = (
				310B781618F596D000A20B5A /* MasterDetailSampleTests-Info.plist */,
				310B781718F596D000A20B5A /* InfoPlist.strings */,
			);
			name = "Supporting Files";
			sourceTree = "<group>";
		};
/* End PBXGroup section */

/* Begin PBXNativeTarget section */
		310B77E818F596D000A20B5A /* MasterDetailSample */ = {
			isa = PBXNativeTarget;
			buildConfigurationList = 310B781E18F596D000A20B5A /* Build configuration list for PBXNativeTarget "MasterDetailSample" */;
			buildPhases = (
				310B77E518F596D000A20B5A /* Sources */,
				310B77E618F596D000A20B5A /* Frameworks */,
				310B77E718F596D000A20B5A /* Resources */,
			);
			buildRules = (
			);
			dependencies = (
			);
			name = MasterDetailSample;
			productName = MasterDetailSample;
			productReference = 310B77E918F596D000A20B5A /* MasterDetailSample.app */;
			productType = "com.apple.product-type.application";
		};
		310B780C18F596D000A20B5A /* MasterDetailSampleTests */ = {
			isa = PBXNativeTarget;
			buildConfigurationList = 310B782118F596D000A20B5A /* Build configuration list for PBXNativeTarget "MasterDetailSampleTests" */;
			buildPhases = (
				310B780918F596D000A20B5A /* Sources */,
				310B780A18F596D000A20B5A /* Frameworks */,
				310B780B18F596D000A20B5A /* Resources */,
			);
			buildRules = (
			);
			dependencies = (
				310B781318F596D000A20B5A /* PBXTargetDependency */,
			);
			name = MasterDetailSampleTests;
			productName = MasterDetailSampleTests;
			productReference = 310B780D18F596D000A20B5A /* MasterDetailSampleTests.xctest */;
			productType = "com.apple.product-type.bundle.unit-test";
		};
/* End PBXNativeTarget section */

/* Begin PBXProject section */
		310B77E118F596D000A20B5A /* Project object */ = {
			isa = PBXProject;
			attributes = {
				LastUpgradeCheck = 0510;
				ORGANIZATIONNAME = yasuyuki;
				TargetAttributes = {
					310B780C18F596D000A20B5A = {
						TestTargetID = 310B77E818F596D000A20B5A;
					};
				};
			};
			buildConfigurationList = 310B77E418F596D000A20B5A /* Build configuration list for PBXProject "MasterDetailSample" */;
			compatibilityVersion = "Xcode 3.2";
			developmentRegion = English;
			hasScannedForEncodings = 0;
			knownRegions = (
				en,
				Base,
			);
			mainGroup = 310B77E018F596D000A20B5A;
			productRefGroup = 310B77EA18F596D000A20B5A /* Products */;
			projectDirPath = "";
			projectRoot = "";
			targets = (
				310B77E818F596D000A20B5A /* MasterDetailSample */,
				310B780C18F596D000A20B5A /* MasterDetailSampleTests */,
			);
		};
/* End PBXProject section */

/* Begin PBXResourcesBuildPhase section */
		310B77E718F596D000A20B5A /* Resources */ = {
			isa = PBXResourcesBuildPhase;
			buildActionMask = 2147483647;
			files = (
				310B780818F596D000A20B5A /* Images.xcassets in Resources */,
				310B77F718F596D000A20B5A /* InfoPlist.strings in Resources */,
				310B780018F596D000A20B5A /* Main.storyboard in Resources */,
			);
			runOnlyForDeploymentPostprocessing = 0;
		};
		310B780B18F596D000A20B5A /* Resources */ = {
			isa = PBXResourcesBuildPhase;
			buildActionMask = 2147483647;
			files = (
				310B781918F596D000A20B5A /* InfoPlist.strings in Resources */,
			);
			runOnlyForDeploymentPostprocessing = 0;
		};
/* End PBXResourcesBuildPhase section */

/* Begin PBXSourcesBuildPhase section */
		310B77E518F596D000A20B5A /* Sources */ = {
			isa = PBXSourcesBuildPhase;
			buildActionMask = 2147483647;
			files = (
				310B77FD18F596D000A20B5A /* AppDelegate.m in Sources */,
				310B780318F596D000A20B5A /* MasterViewController.m in Sources */,
				310B77F918F596D000A20B5A /* main.m in Sources */,
				310B780618F596D000A20B5A /* DetailViewController.m in Sources */,
			);
			runOnlyForDeploymentPostprocessing = 0;
		};
		310B780918F596D000A20B5A /* Sources */ = {
			isa = PBXSourcesBuildPhase;
			buildActionMask = 2147483647;
			files = (
				310B781B18F596D000A20B5A /* MasterDetailSampleTests.m in Sources */,
			);
			runOnlyForDeploymentPostprocessing = 0;
		};
/* End PBXSourcesBuildPhase section */

/* Begin PBXTargetDependency section */
		310B781318F596D000A20B5A /* PBXTargetDependency */ = {
			isa = PBXTargetDependency;
			target = 310B77E818F596D000A20B5A /* MasterDetailSample */;
			targetProxy = 310B781218F596D000A20B5A /* PBXContainerItemProxy */;
		};
/* End PBXTargetDependency section */

/* Begin PBXVariantGroup section */
		310B77F518F596D000A20B5A /* InfoPlist.strings */ = {
			isa = PBXVariantGroup;
			children = (
				310B77F618F596D000A20B5A /* en */,
			);
			name = InfoPlist.strings;
			sourceTree = "<group>";
		};
		310B77FE18F596D000A20B5A /* Main.storyboard */ = {
			isa = PBXVariantGroup;
			children = (
				310B77FF18F596D000A20B5A /* Base */,
			);
			name = Main.storyboard;
			sourceTree = "<group>";
		};
		310B781718F596D000A20B5A /* InfoPlist.strings */ = {
			isa = PBXVariantGroup;
			children = (
				310B781818F596D000A20B5A /* en */,
			);
			name = InfoPlist.strings;
			sourceTree = "<group>";
		};
/* End PBXVariantGroup section */

/* Begin XCBuildConfiguration section */
		310B781C18F596D000A20B5A /* Debug */ = {
			isa = XCBuildConfiguration;
			buildSettings = {
				ALWAYS_SEARCH_USER_PATHS = NO;
				CLANG_CXX_LANGUAGE_STANDARD = "gnu++0x";
				CLANG_CXX_LIBRARY = "libc++";
				CLANG_ENABLE_MODULES = YES;
				CLANG_ENABLE_OBJC_ARC = YES;
				CLANG_WARN_BOOL_CONVERSION = YES;
				CLANG_WARN_CONSTANT_CONVERSION = YES;
				CLANG_WARN_DIRECT_OBJC_ISA_USAGE = YES_ERROR;
				CLANG_WARN_EMPTY_BODY = YES;
				CLANG_WARN_ENUM_CONVERSION = YES;
				CLANG_WARN_INT_CONVERSION = YES;
				CLANG_WARN_OBJC_ROOT_CLASS = YES_ERROR;
				CLANG_WARN__DUPLICATE_METHOD_MATCH = YES;
				"CODE_SIGN_IDENTITY[sdk=iphoneos*]" = "iPhone Developer";
				COPY_PHASE_STRIP = NO;
				GCC_C_LANGUAGE_STANDARD = gnu99;
				GCC_DYNAMIC_NO_PIC = NO;
				GCC_OPTIMIZATION_LEVEL = 0;
				GCC_PREPROCESSOR_DEFINITIONS = (
					"DEBUG=1",
					"$(inherited)",
				);
				GCC_SYMBOLS_PRIVATE_EXTERN = NO;
				GCC_WARN_64_TO_32_BIT_CONVERSION = YES;
				GCC_WARN_ABOUT_RETURN_TYPE = YES_ERROR;
				GCC_WARN_UNDECLARED_SELECTOR = YES;
				GCC_WARN_UNINITIALIZED_AUTOS = YES_AGGRESSIVE;
				GCC_WARN_UNUSED_FUNCTION = YES;
				GCC_WARN_UNUSED_VARIABLE = YES;
				IPHONEOS_DEPLOYMENT_TARGET = 7.1;
				ONLY_ACTIVE_ARCH = YES;
				SDKROOT = iphoneos;
			};
			name = Debug;
		};
		310B781D18F596D000A20B5A /* Release */ = {
			isa = XCBuildConfiguration;
			buildSettings = {
				ALWAYS_SEARCH_USER_PATHS = NO;
				CLANG_CXX_LANGUAGE_STANDARD = "gnu++0x";
				CLANG_CXX_LIBRARY = "libc++";
				CLANG_ENABLE_MODULES = YES;
				CLANG_ENABLE_OBJC_ARC = YES;
				CLANG_WARN_BOOL_CONVERSION = YES;
				CLANG_WARN_CONSTANT_CONVERSION = YES;
				CLANG_WARN_DIRECT_OBJC_ISA_USAGE = YES_ERROR;
				CLANG_WARN_EMPTY_BODY = YES;
				CLANG_WARN_ENUM_CONVERSION = YES;
				CLANG_WARN_INT_CONVERSION = YES;
				CLANG_WARN_OBJC_ROOT_CLASS = YES_ERROR;
				CLANG_WARN__DUPLICATE_METHOD_MATCH = YES;
				"CODE_SIGN_IDENTITY[sdk=iphoneos*]" = "iPhone Developer";
				COPY_PHASE_STRIP = YES;
				ENABLE_NS_ASSERTIONS = NO;
				GCC_C_LANGUAGE_STANDARD = gnu99;
				GCC_WARN_64_TO_32_BIT_CONVERSION = YES;
				GCC_WARN_ABOUT_RETURN_TYPE = YES_ERROR;
				GCC_WARN_UNDECLARED_SELECTOR = YES;
				GCC_WARN_UNINITIALIZED_AUTOS = YES_AGGRESSIVE;
				GCC_WARN_UNUSED_FUNCTION = YES;
				GCC_WARN_UNUSED_VARIABLE = YES;
				IPHONEOS_DEPLOYMENT_TARGET = 7.1;
				SDKROOT = iphoneos;
				VALIDATE_PRODUCT = YES;
			};
			name = Release;
		};
		310B781F18F596D000A20B5A /* Debug */ = {
			isa = XCBuildConfiguration;
			buildSettings = {
				ASSETCATALOG_COMPILER_APPICON_NAME = AppIcon;
				ASSETCATALOG_COMPILER_LAUNCHIMAGE_NAME = LaunchImage;
				GCC_PRECOMPILE_PREFIX_HEADER = YES;
				GCC_PREFIX_HEADER = "MasterDetailSample/MasterDetailSample-Prefix.pch";
				INFOPLIST_FILE = "MasterDetailSample/MasterDetailSample-Info.plist";
				PRODUCT_NAME = "$(TARGET_NAME)";
				WRAPPER_EXTENSION = app;
			};
			name = Debug;
		};
		310B782018F596D000A20B5A /* Release */ = {
			isa = XCBuildConfiguration;
			buildSettings = {
				ASSETCATALOG_COMPILER_APPICON_NAME = AppIcon;
				ASSETCATALOG_COMPILER_LAUNCHIMAGE_NAME = LaunchImage;
				GCC_PRECOMPILE_PREFIX_HEADER = YES;
				GCC_PREFIX_HEADER = "MasterDetailSample/MasterDetailSample-Prefix.pch";
				INFOPLIST_FILE = "MasterDetailSample/MasterDetailSample-Info.plist";
				PRODUCT_NAME = "$(TARGET_NAME)";
				WRAPPER_EXTENSION = app;
			};
			name = Release;
		};
		310B782218F596D000A20B5A /* Debug */ = {
			isa = XCBuildConfiguration;
			buildSettings = {
				BUNDLE_LOADER = "$(BUILT_PRODUCTS_DIR)/MasterDetailSample.app/MasterDetailSample";
				FRAMEWORK_SEARCH_PATHS = (
					"$(SDKROOT)/Developer/Library/Frameworks",
					"$(inherited)",
					"$(DEVELOPER_FRAMEWORKS_DIR)",
				);
				GCC_PRECOMPILE_PREFIX_HEADER = YES;
				GCC_PREFIX_HEADER = "MasterDetailSample/MasterDetailSample-Prefix.pch";
				GCC_PREPROCESSOR_DEFINITIONS = (
					"DEBUG=1",
					"$(inherited)",
				);
				INFOPLIST_FILE = "MasterDetailSampleTests/MasterDetailSampleTests-Info.plist";
				PRODUCT_NAME = "$(TARGET_NAME)";
				TEST_HOST = "$(BUNDLE_LOADER)";
				WRAPPER_EXTENSION = xctest;
			};
			name = Debug;
		};
		310B782318F596D000A20B5A /* Release */ = {
			isa = XCBuildConfiguration;
			buildSettings = {
				BUNDLE_LOADER = "$(BUILT_PRODUCTS_DIR)/MasterDetailSample.app/MasterDetailSample";
				FRAMEWORK_SEARCH_PATHS = (
					"$(SDKROOT)/Developer/Library/Frameworks",
					"$(inherited)",
					"$(DEVELOPER_FRAMEWORKS_DIR)",
				);
				GCC_PRECOMPILE_PREFIX_HEADER = YES;
				GCC_PREFIX_HEADER = "MasterDetailSample/MasterDetailSample-Prefix.pch";
				INFOPLIST_FILE = "MasterDetailSampleTests/MasterDetailSampleTests-Info.plist";
				PRODUCT_NAME = "$(TARGET_NAME)";
				TEST_HOST = "$(BUNDLE_LOADER)";
				WRAPPER_EXTENSION = xctest;
			};
			name = Release;
		};
/* End XCBuildConfiguration section */

/* Begin XCConfigurationList section */
		310B77E418F596D000A20B5A /* Build configuration list for PBXProject "MasterDetailSample" */ = {
			isa = XCConfigurationList;
			buildConfigurations = (
				310B781C18F596D000A20B5A /* Debug */,
				310B781D18F596D000A20B5A /* Release */,
			);
			defaultConfigurationIsVisible = 0;
			defaultConfigurationName = Release;
		};
		310B781E18F596D000A20B5A /* Build configuration list for PBXNativeTarget "MasterDetailSample" */ = {
			isa = XCConfigurationList;
			buildConfigurations = (
				310B781F18F596D000A20B5A /* Debug */,
				310B782018F596D000A20B5A /* Release */,
			);
			defaultConfigurationIsVisible = 0;
		};
		310B782118F596D000A20B5A /* Build configuration list for PBXNativeTarget "MasterDetailSampleTests" */ = {
			isa = XCConfigurationList;
			buildConfigurations = (
				310B782218F596D000A20B5A /* Debug */,
				310B782318F596D000A20B5A /* Release */,
			);
			defaultConfigurationIsVisible = 0;
		};
/* End XCConfigurationList section */
	};
	rootObject = 310B77E118F596D000A20B5A /* Project object */;
}
