// !$*UTF8*$!
{
	archiveVersion = 1;
	classes = {
	};
	objectVersion = 46;
	objects = {

/* Begin PBXBuildFile section */
		31C7EDB718D9E1A800F1A890 /* Foundation.framework in Frameworks */ = {isa = PBXBuildFile; fileRef = 31C7EDB618D9E1A800F1A890 /* Foundation.framework */; };
		31C7EDB918D9E1A800F1A890 /* CoreGraphics.framework in Frameworks */ = {isa = PBXBuildFile; fileRef = 31C7EDB818D9E1A800F1A890 /* CoreGraphics.framework */; };
		31C7EDBB18D9E1A800F1A890 /* UIKit.framework in Frameworks */ = {isa = PBXBuildFile; fileRef = 31C7EDBA18D9E1A800F1A890 /* UIKit.framework */; };
		31C7EDC118D9E1A800F1A890 /* InfoPlist.strings in Resources */ = {isa = PBXBuildFile; fileRef = 31C7EDBF18D9E1A800F1A890 /* InfoPlist.strings */; };
		31C7EDC318D9E1A800F1A890 /* main.m in Sources */ = {isa = PBXBuildFile; fileRef = 31C7EDC218D9E1A800F1A890 /* main.m */; };
		31C7EDC718D9E1A800F1A890 /* AppDelegate.m in Sources */ = {isa = PBXBuildFile; fileRef = 31C7EDC618D9E1A800F1A890 /* AppDelegate.m */; };
		31C7EDCA18D9E1A800F1A890 /* Main.storyboard in Resources */ = {isa = PBXBuildFile; fileRef = 31C7EDC818D9E1A800F1A890 /* Main.storyboard */; };
		31C7EDCD18D9E1A800F1A890 /* ViewController.m in Sources */ = {isa = PBXBuildFile; fileRef = 31C7EDCC18D9E1A800F1A890 /* ViewController.m */; };
		31C7EDCF18D9E1A800F1A890 /* Images.xcassets in Resources */ = {isa = PBXBuildFile; fileRef = 31C7EDCE18D9E1A800F1A890 /* Images.xcassets */; };
		31C7EDD618D9E1A800F1A890 /* XCTest.framework in Frameworks */ = {isa = PBXBuildFile; fileRef = 31C7EDD518D9E1A800F1A890 /* XCTest.framework */; };
		31C7EDD718D9E1A800F1A890 /* Foundation.framework in Frameworks */ = {isa = PBXBuildFile; fileRef = 31C7EDB618D9E1A800F1A890 /* Foundation.framework */; };
		31C7EDD818D9E1A800F1A890 /* UIKit.framework in Frameworks */ = {isa = PBXBuildFile; fileRef = 31C7EDBA18D9E1A800F1A890 /* UIKit.framework */; };
		31C7EDE018D9E1A800F1A890 /* InfoPlist.strings in Resources */ = {isa = PBXBuildFile; fileRef = 31C7EDDE18D9E1A800F1A890 /* InfoPlist.strings */; };
		31C7EDE218D9E1A800F1A890 /* AlertTextSampleTests.m in Sources */ = {isa = PBXBuildFile; fileRef = 31C7EDE118D9E1A800F1A890 /* AlertTextSampleTests.m */; };
/* End PBXBuildFile section */

/* Begin PBXContainerItemProxy section */
		31C7EDD918D9E1A800F1A890 /* PBXContainerItemProxy */ = {
			isa = PBXContainerItemProxy;
			containerPortal = 31C7EDAB18D9E1A800F1A890 /* Project object */;
			proxyType = 1;
			remoteGlobalIDString = 31C7EDB218D9E1A800F1A890;
			remoteInfo = AlertTextSample;
		};
/* End PBXContainerItemProxy section */

/* Begin PBXFileReference section */
		31C7EDB318D9E1A800F1A890 /* AlertTextSample.app */ = {isa = PBXFileReference; explicitFileType = wrapper.application; includeInIndex = 0; path = AlertTextSample.app; sourceTree = BUILT_PRODUCTS_DIR; };
		31C7EDB618D9E1A800F1A890 /* Foundation.framework */ = {isa = PBXFileReference; lastKnownFileType = wrapper.framework; name = Foundation.framework; path = System/Library/Frameworks/Foundation.framework; sourceTree = SDKROOT; };
		31C7EDB818D9E1A800F1A890 /* CoreGraphics.framework */ = {isa = PBXFileReference; lastKnownFileType = wrapper.framework; name = CoreGraphics.framework; path = System/Library/Frameworks/CoreGraphics.framework; sourceTree = SDKROOT; };
		31C7EDBA18D9E1A800F1A890 /* UIKit.framework */ = {isa = PBXFileReference; lastKnownFileType = wrapper.framework; name = UIKit.framework; path = System/Library/Frameworks/UIKit.framework; sourceTree = SDKROOT; };
		31C7EDBE18D9E1A800F1A890 /* AlertTextSample-Info.plist */ = {isa = PBXFileReference; lastKnownFileType = text.plist.xml; path = "AlertTextSample-Info.plist"; sourceTree = "<group>"; };
		31C7EDC018D9E1A800F1A890 /* en */ = {isa = PBXFileReference; lastKnownFileType = text.plist.strings; name = en; path = en.lproj/InfoPlist.strings; sourceTree = "<group>"; };
		31C7EDC218D9E1A800F1A890 /* main.m */ = {isa = PBXFileReference; lastKnownFileType = sourcecode.c.objc; path = main.m; sourceTree = "<group>"; };
		31C7EDC418D9E1A800F1A890 /* AlertTextSample-Prefix.pch */ = {isa = PBXFileReference; lastKnownFileType = sourcecode.c.h; path = "AlertTextSample-Prefix.pch"; sourceTree = "<group>"; };
		31C7EDC518D9E1A800F1A890 /* AppDelegate.h */ = {isa = PBXFileReference; lastKnownFileType = sourcecode.c.h; path = AppDelegate.h; sourceTree = "<group>"; };
		31C7EDC618D9E1A800F1A890 /* AppDelegate.m */ = {isa = PBXFileReference; lastKnownFileType = sourcecode.c.objc; path = AppDelegate.m; sourceTree = "<group>"; };
		31C7EDC918D9E1A800F1A890 /* Base */ = {isa = PBXFileReference; lastKnownFileType = file.storyboard; name = Base; path = Base.lproj/Main.storyboard; sourceTree = "<group>"; };
		31C7EDCB18D9E1A800F1A890 /* ViewController.h */ = {isa = PBXFileReference; lastKnownFileType = sourcecode.c.h; path = ViewController.h; sourceTree = "<group>"; };
		31C7EDCC18D9E1A800F1A890 /* ViewController.m */ = {isa = PBXFileReference; lastKnownFileType = sourcecode.c.objc; path = ViewController.m; sourceTree = "<group>"; };
		31C7EDCE18D9E1A800F1A890 /* Images.xcassets */ = {isa = PBXFileReference; lastKnownFileType = folder.assetcatalog; path = Images.xcassets; sourceTree = "<group>"; };
		31C7EDD418D9E1A800F1A890 /* AlertTextSampleTests.xctest */ = {isa = PBXFileReference; explicitFileType = wrapper.cfbundle; includeInIndex = 0; path = AlertTextSampleTests.xctest; sourceTree = BUILT_PRODUCTS_DIR; };
		31C7EDD518D9E1A800F1A890 /* XCTest.framework */ = {isa = PBXFileReference; lastKnownFileType = wrapper.framework; name = XCTest.framework; path = Library/Frameworks/XCTest.framework; sourceTree = DEVELOPER_DIR; };
		31C7EDDD18D9E1A800F1A890 /* AlertTextSampleTests-Info.plist */ = {isa = PBXFileReference; lastKnownFileType = text.plist.xml; path = "AlertTextSampleTests-Info.plist"; sourceTree = "<group>"; };
		31C7EDDF18D9E1A800F1A890 /* en */ = {isa = PBXFileReference; lastKnownFileType = text.plist.strings; name = en; path = en.lproj/InfoPlist.strings; sourceTree = "<group>"; };
		31C7EDE118D9E1A800F1A890 /* AlertTextSampleTests.m */ = {isa = PBXFileReference; lastKnownFileType = sourcecode.c.objc; path = AlertTextSampleTests.m; sourceTree = "<group>"; };
/* End PBXFileReference section */

/* Begin PBXFrameworksBuildPhase section */
		31C7EDB018D9E1A800F1A890 /* Frameworks */ = {
			isa = PBXFrameworksBuildPhase;
			buildActionMask = 2147483647;
			files = (
				31C7EDB918D9E1A800F1A890 /* CoreGraphics.framework in Frameworks */,
				31C7EDBB18D9E1A800F1A890 /* UIKit.framework in Frameworks */,
				31C7EDB718D9E1A800F1A890 /* Foundation.framework in Frameworks */,
			);
			runOnlyForDeploymentPostprocessing = 0;
		};
		31C7EDD118D9E1A800F1A890 /* Frameworks */ = {
			isa = PBXFrameworksBuildPhase;
			buildActionMask = 2147483647;
			files = (
				31C7EDD618D9E1A800F1A890 /* XCTest.framework in Frameworks */,
				31C7EDD818D9E1A800F1A890 /* UIKit.framework in Frameworks */,
				31C7EDD718D9E1A800F1A890 /* Foundation.framework in Frameworks */,
			);
			runOnlyForDeploymentPostprocessing = 0;
		};
/* End PBXFrameworksBuildPhase section */

/* Begin PBXGroup section */
		31C7EDAA18D9E1A800F1A890 = {
			isa = PBXGroup;
			children = (
				31C7EDBC18D9E1A800F1A890 /* AlertTextSample */,
				31C7EDDB18D9E1A800F1A890 /* AlertTextSampleTests */,
				31C7EDB518D9E1A800F1A890 /* Frameworks */,
				31C7EDB418D9E1A800F1A890 /* Products */,
			);
			sourceTree = "<group>";
		};
		31C7EDB418D9E1A800F1A890 /* Products */ = {
			isa = PBXGroup;
			children = (
				31C7EDB318D9E1A800F1A890 /* AlertTextSample.app */,
				31C7EDD418D9E1A800F1A890 /* AlertTextSampleTests.xctest */,
			);
			name = Products;
			sourceTree = "<group>";
		};
		31C7EDB518D9E1A800F1A890 /* Frameworks */ = {
			isa = PBXGroup;
			children = (
				31C7EDB618D9E1A800F1A890 /* Foundation.framework */,
				31C7EDB818D9E1A800F1A890 /* CoreGraphics.framework */,
				31C7EDBA18D9E1A800F1A890 /* UIKit.framework */,
				31C7EDD518D9E1A800F1A890 /* XCTest.framework */,
			);
			name = Frameworks;
			sourceTree = "<group>";
		};
		31C7EDBC18D9E1A800F1A890 /* AlertTextSample */ = {
			isa = PBXGroup;
			children = (
				31C7EDC518D9E1A800F1A890 /* AppDelegate.h */,
				31C7EDC618D9E1A800F1A890 /* AppDelegate.m */,
				31C7EDC818D9E1A800F1A890 /* Main.storyboard */,
				31C7EDCB18D9E1A800F1A890 /* ViewController.h */,
				31C7EDCC18D9E1A800F1A890 /* ViewController.m */,
				31C7EDCE18D9E1A800F1A890 /* Images.xcassets */,
				31C7EDBD18D9E1A800F1A890 /* Supporting Files */,
			);
			path = AlertTextSample;
			sourceTree = "<group>";
		};
		31C7EDBD18D9E1A800F1A890 /* Supporting Files */ = {
			isa = PBXGroup;
			children = (
				31C7EDBE18D9E1A800F1A890 /* AlertTextSample-Info.plist */,
				31C7EDBF18D9E1A800F1A890 /* InfoPlist.strings */,
				31C7EDC218D9E1A800F1A890 /* main.m */,
				31C7EDC418D9E1A800F1A890 /* AlertTextSample-Prefix.pch */,
			);
			name = "Supporting Files";
			sourceTree = "<group>";
		};
		31C7EDDB18D9E1A800F1A890 /* AlertTextSampleTests */ = {
			isa = PBXGroup;
			children = (
				31C7EDE118D9E1A800F1A890 /* AlertTextSampleTests.m */,
				31C7EDDC18D9E1A800F1A890 /* Supporting Files */,
			);
			path = AlertTextSampleTests;
			sourceTree = "<group>";
		};
		31C7EDDC18D9E1A800F1A890 /* Supporting Files */ = {
			isa = PBXGroup;
			children = (
				31C7EDDD18D9E1A800F1A890 /* AlertTextSampleTests-Info.plist */,
				31C7EDDE18D9E1A800F1A890 /* InfoPlist.strings */,
			);
			name = "Supporting Files";
			sourceTree = "<group>";
		};
/* End PBXGroup section */

/* Begin PBXNativeTarget section */
		31C7EDB218D9E1A800F1A890 /* AlertTextSample */ = {
			isa = PBXNativeTarget;
			buildConfigurationList = 31C7EDE518D9E1A800F1A890 /* Build configuration list for PBXNativeTarget "AlertTextSample" */;
			buildPhases = (
				31C7EDAF18D9E1A800F1A890 /* Sources */,
				31C7EDB018D9E1A800F1A890 /* Frameworks */,
				31C7EDB118D9E1A800F1A890 /* Resources */,
			);
			buildRules = (
			);
			dependencies = (
			);
			name = AlertTextSample;
			productName = AlertTextSample;
			productReference = 31C7EDB318D9E1A800F1A890 /* AlertTextSample.app */;
			productType = "com.apple.product-type.application";
		};
		31C7EDD318D9E1A800F1A890 /* AlertTextSampleTests */ = {
			isa = PBXNativeTarget;
			buildConfigurationList = 31C7EDE818D9E1A800F1A890 /* Build configuration list for PBXNativeTarget "AlertTextSampleTests" */;
			buildPhases = (
				31C7EDD018D9E1A800F1A890 /* Sources */,
				31C7EDD118D9E1A800F1A890 /* Frameworks */,
				31C7EDD218D9E1A800F1A890 /* Resources */,
			);
			buildRules = (
			);
			dependencies = (
				31C7EDDA18D9E1A800F1A890 /* PBXTargetDependency */,
			);
			name = AlertTextSampleTests;
			productName = AlertTextSampleTests;
			productReference = 31C7EDD418D9E1A800F1A890 /* AlertTextSampleTests.xctest */;
			productType = "com.apple.product-type.bundle.unit-test";
		};
/* End PBXNativeTarget section */

/* Begin PBXProject section */
		31C7EDAB18D9E1A800F1A890 /* Project object */ = {
			isa = PBXProject;
			attributes = {
				LastUpgradeCheck = 0510;
				ORGANIZATIONNAME = yasuyuki;
				TargetAttributes = {
					31C7EDD318D9E1A800F1A890 = {
						TestTargetID = 31C7EDB218D9E1A800F1A890;
					};
				};
			};
			buildConfigurationList = 31C7EDAE18D9E1A800F1A890 /* Build configuration list for PBXProject "AlertTextSample" */;
			compatibilityVersion = "Xcode 3.2";
			developmentRegion = English;
			hasScannedForEncodings = 0;
			knownRegions = (
				en,
				Base,
			);
			mainGroup = 31C7EDAA18D9E1A800F1A890;
			productRefGroup = 31C7EDB418D9E1A800F1A890 /* Products */;
			projectDirPath = "";
			projectRoot = "";
			targets = (
				31C7EDB218D9E1A800F1A890 /* AlertTextSample */,
				31C7EDD318D9E1A800F1A890 /* AlertTextSampleTests */,
			);
		};
/* End PBXProject section */

/* Begin PBXResourcesBuildPhase section */
		31C7EDB118D9E1A800F1A890 /* Resources */ = {
			isa = PBXResourcesBuildPhase;
			buildActionMask = 2147483647;
			files = (
				31C7EDCF18D9E1A800F1A890 /* Images.xcassets in Resources */,
				31C7EDC118D9E1A800F1A890 /* InfoPlist.strings in Resources */,
				31C7EDCA18D9E1A800F1A890 /* Main.storyboard in Resources */,
			);
			runOnlyForDeploymentPostprocessing = 0;
		};
		31C7EDD218D9E1A800F1A890 /* Resources */ = {
			isa = PBXResourcesBuildPhase;
			buildActionMask = 2147483647;
			files = (
				31C7EDE018D9E1A800F1A890 /* InfoPlist.strings in Resources */,
			);
			runOnlyForDeploymentPostprocessing = 0;
		};
/* End PBXResourcesBuildPhase section */

/* Begin PBXSourcesBuildPhase section */
		31C7EDAF18D9E1A800F1A890 /* Sources */ = {
			isa = PBXSourcesBuildPhase;
			buildActionMask = 2147483647;
			files = (
				31C7EDCD18D9E1A800F1A890 /* ViewController.m in Sources */,
				31C7EDC718D9E1A800F1A890 /* AppDelegate.m in Sources */,
				31C7EDC318D9E1A800F1A890 /* main.m in Sources */,
			);
			runOnlyForDeploymentPostprocessing = 0;
		};
		31C7EDD018D9E1A800F1A890 /* Sources */ = {
			isa = PBXSourcesBuildPhase;
			buildActionMask = 2147483647;
			files = (
				31C7EDE218D9E1A800F1A890 /* AlertTextSampleTests.m in Sources */,
			);
			runOnlyForDeploymentPostprocessing = 0;
		};
/* End PBXSourcesBuildPhase section */

/* Begin PBXTargetDependency section */
		31C7EDDA18D9E1A800F1A890 /* PBXTargetDependency */ = {
			isa = PBXTargetDependency;
			target = 31C7EDB218D9E1A800F1A890 /* AlertTextSample */;
			targetProxy = 31C7EDD918D9E1A800F1A890 /* PBXContainerItemProxy */;
		};
/* End PBXTargetDependency section */

/* Begin PBXVariantGroup section */
		31C7EDBF18D9E1A800F1A890 /* InfoPlist.strings */ = {
			isa = PBXVariantGroup;
			children = (
				31C7EDC018D9E1A800F1A890 /* en */,
			);
			name = InfoPlist.strings;
			sourceTree = "<group>";
		};
		31C7EDC818D9E1A800F1A890 /* Main.storyboard */ = {
			isa = PBXVariantGroup;
			children = (
				31C7EDC918D9E1A800F1A890 /* Base */,
			);
			name = Main.storyboard;
			sourceTree = "<group>";
		};
		31C7EDDE18D9E1A800F1A890 /* InfoPlist.strings */ = {
			isa = PBXVariantGroup;
			children = (
				31C7EDDF18D9E1A800F1A890 /* en */,
			);
			name = InfoPlist.strings;
			sourceTree = "<group>";
		};
/* End PBXVariantGroup section */

/* Begin XCBuildConfiguration section */
		31C7EDE318D9E1A800F1A890 /* Debug */ = {
			isa = XCBuildConfiguration;
			buildSettings = {
				ALWAYS_SEARCH_USER_PATHS = NO;
				CLANG_CXX_LANGUAGE_STANDARD = "gnu++0x";
				CLANG_CXX_LIBRARY = "libc++";
				CLANG_ENABLE_MODULES = YES;
				CLANG_ENABLE_OBJC_ARC = YES;
				CLANG_WARN_BOOL_CONVERSION = YES;
				CLANG_WARN_CONSTANT_CONVERSION = YES;
				CLANG_WARN_DIRECT_OBJC_ISA_USAGE = YES_ERROR;
				CLANG_WARN_EMPTY_BODY = YES;
				CLANG_WARN_ENUM_CONVERSION = YES;
				CLANG_WARN_INT_CONVERSION = YES;
				CLANG_WARN_OBJC_ROOT_CLASS = YES_ERROR;
				CLANG_WARN__DUPLICATE_METHOD_MATCH = YES;
				"CODE_SIGN_IDENTITY[sdk=iphoneos*]" = "iPhone Developer";
				COPY_PHASE_STRIP = NO;
				GCC_C_LANGUAGE_STANDARD = gnu99;
				GCC_DYNAMIC_NO_PIC = NO;
				GCC_OPTIMIZATION_LEVEL = 0;
				GCC_PREPROCESSOR_DEFINITIONS = (
					"DEBUG=1",
					"$(inherited)",
				);
				GCC_SYMBOLS_PRIVATE_EXTERN = NO;
				GCC_WARN_64_TO_32_BIT_CONVERSION = YES;
				GCC_WARN_ABOUT_RETURN_TYPE = YES_ERROR;
				GCC_WARN_UNDECLARED_SELECTOR = YES;
				GCC_WARN_UNINITIALIZED_AUTOS = YES_AGGRESSIVE;
				GCC_WARN_UNUSED_FUNCTION = YES;
				GCC_WARN_UNUSED_VARIABLE = YES;
				IPHONEOS_DEPLOYMENT_TARGET = 7.1;
				ONLY_ACTIVE_ARCH = YES;
				SDKROOT = iphoneos;
			};
			name = Debug;
		};
		31C7EDE418D9E1A800F1A890 /* Release */ = {
			isa = XCBuildConfiguration;
			buildSettings = {
				ALWAYS_SEARCH_USER_PATHS = NO;
				CLANG_CXX_LANGUAGE_STANDARD = "gnu++0x";
				CLANG_CXX_LIBRARY = "libc++";
				CLANG_ENABLE_MODULES = YES;
				CLANG_ENABLE_OBJC_ARC = YES;
				CLANG_WARN_BOOL_CONVERSION = YES;
				CLANG_WARN_CONSTANT_CONVERSION = YES;
				CLANG_WARN_DIRECT_OBJC_ISA_USAGE = YES_ERROR;
				CLANG_WARN_EMPTY_BODY = YES;
				CLANG_WARN_ENUM_CONVERSION = YES;
				CLANG_WARN_INT_CONVERSION = YES;
				CLANG_WARN_OBJC_ROOT_CLASS = YES_ERROR;
				CLANG_WARN__DUPLICATE_METHOD_MATCH = YES;
				"CODE_SIGN_IDENTITY[sdk=iphoneos*]" = "iPhone Developer";
				COPY_PHASE_STRIP = YES;
				ENABLE_NS_ASSERTIONS = NO;
				GCC_C_LANGUAGE_STANDARD = gnu99;
				GCC_WARN_64_TO_32_BIT_CONVERSION = YES;
				GCC_WARN_ABOUT_RETURN_TYPE = YES_ERROR;
				GCC_WARN_UNDECLARED_SELECTOR = YES;
				GCC_WARN_UNINITIALIZED_AUTOS = YES_AGGRESSIVE;
				GCC_WARN_UNUSED_FUNCTION = YES;
				GCC_WARN_UNUSED_VARIABLE = YES;
				IPHONEOS_DEPLOYMENT_TARGET = 7.1;
				SDKROOT = iphoneos;
				VALIDATE_PRODUCT = YES;
			};
			name = Release;
		};
		31C7EDE618D9E1A800F1A890 /* Debug */ = {
			isa = XCBuildConfiguration;
			buildSettings = {
				ASSETCATALOG_COMPILER_APPICON_NAME = AppIcon;
				ASSETCATALOG_COMPILER_LAUNCHIMAGE_NAME = LaunchImage;
				GCC_PRECOMPILE_PREFIX_HEADER = YES;
				GCC_PREFIX_HEADER = "AlertTextSample/AlertTextSample-Prefix.pch";
				INFOPLIST_FILE = "AlertTextSample/AlertTextSample-Info.plist";
				PRODUCT_NAME = "$(TARGET_NAME)";
				WRAPPER_EXTENSION = app;
			};
			name = Debug;
		};
		31C7EDE718D9E1A800F1A890 /* Release */ = {
			isa = XCBuildConfiguration;
			buildSettings = {
				ASSETCATALOG_COMPILER_APPICON_NAME = AppIcon;
				ASSETCATALOG_COMPILER_LAUNCHIMAGE_NAME = LaunchImage;
				GCC_PRECOMPILE_PREFIX_HEADER = YES;
				GCC_PREFIX_HEADER = "AlertTextSample/AlertTextSample-Prefix.pch";
				INFOPLIST_FILE = "AlertTextSample/AlertTextSample-Info.plist";
				PRODUCT_NAME = "$(TARGET_NAME)";
				WRAPPER_EXTENSION = app;
			};
			name = Release;
		};
		31C7EDE918D9E1A800F1A890 /* Debug */ = {
			isa = XCBuildConfiguration;
			buildSettings = {
				BUNDLE_LOADER = "$(BUILT_PRODUCTS_DIR)/AlertTextSample.app/AlertTextSample";
				FRAMEWORK_SEARCH_PATHS = (
					"$(SDKROOT)/Developer/Library/Frameworks",
					"$(inherited)",
					"$(DEVELOPER_FRAMEWORKS_DIR)",
				);
				GCC_PRECOMPILE_PREFIX_HEADER = YES;
				GCC_PREFIX_HEADER = "AlertTextSample/AlertTextSample-Prefix.pch";
				GCC_PREPROCESSOR_DEFINITIONS = (
					"DEBUG=1",
					"$(inherited)",
				);
				INFOPLIST_FILE = "AlertTextSampleTests/AlertTextSampleTests-Info.plist";
				PRODUCT_NAME = "$(TARGET_NAME)";
				TEST_HOST = "$(BUNDLE_LOADER)";
				WRAPPER_EXTENSION = xctest;
			};
			name = Debug;
		};
		31C7EDEA18D9E1A800F1A890 /* Release */ = {
			isa = XCBuildConfiguration;
			buildSettings = {
				BUNDLE_LOADER = "$(BUILT_PRODUCTS_DIR)/AlertTextSample.app/AlertTextSample";
				FRAMEWORK_SEARCH_PATHS = (
					"$(SDKROOT)/Developer/Library/Frameworks",
					"$(inherited)",
					"$(DEVELOPER_FRAMEWORKS_DIR)",
				);
				GCC_PRECOMPILE_PREFIX_HEADER = YES;
				GCC_PREFIX_HEADER = "AlertTextSample/AlertTextSample-Prefix.pch";
				INFOPLIST_FILE = "AlertTextSampleTests/AlertTextSampleTests-Info.plist";
				PRODUCT_NAME = "$(TARGET_NAME)";
				TEST_HOST = "$(BUNDLE_LOADER)";
				WRAPPER_EXTENSION = xctest;
			};
			name = Release;
		};
/* End XCBuildConfiguration section */

/* Begin XCConfigurationList section */
		31C7EDAE18D9E1A800F1A890 /* Build configuration list for PBXProject "AlertTextSample" */ = {
			isa = XCConfigurationList;
			buildConfigurations = (
				31C7EDE318D9E1A800F1A890 /* Debug */,
				31C7EDE418D9E1A800F1A890 /* Release */,
			);
			defaultConfigurationIsVisible = 0;
			defaultConfigurationName = Release;
		};
		31C7EDE518D9E1A800F1A890 /* Build configuration list for PBXNativeTarget "AlertTextSample" */ = {
			isa = XCConfigurationList;
			buildConfigurations = (
				31C7EDE618D9E1A800F1A890 /* Debug */,
				31C7EDE718D9E1A800F1A890 /* Release */,
			);
			defaultConfigurationIsVisible = 0;
		};
		31C7EDE818D9E1A800F1A890 /* Build configuration list for PBXNativeTarget "AlertTextSampleTests" */ = {
			isa = XCConfigurationList;
			buildConfigurations = (
				31C7EDE918D9E1A800F1A890 /* Debug */,
				31C7EDEA18D9E1A800F1A890 /* Release */,
			);
			defaultConfigurationIsVisible = 0;
		};
/* End XCConfigurationList section */
	};
	rootObject = 31C7EDAB18D9E1A800F1A890 /* Project object */;
}
